{
    "requires": true,
    "lockfileVersion": 1,
    "dependencies": {
        "sweetalert2": {
            "version": "10.10.0",
            "resolved": "https://registry.npmjs.org/sweetalert2/-/sweetalert2-10.10.0.tgz",
            "integrity": "sha512-TnYWt1hnPw/jkK1IqPpFT4yMZGE9VsKJApzd0dcjsrE8biykeoECpIgV8DzRVvWufit/1Z2m5Zdyo2hjBfGzoQ=="
        }
    }
}
